
Microsoft Visual Studio Solution File, Format Version 12.00
# Visual Studio Version 17
VisualStudioVersion = 17.4.32804.182
MinimumVisualStudioVersion = 10.0.40219.1
Project("{FAE04EC0-301F-11D3-BF4B-00C04F79EFBC}") = "RealEstateApi", "RealEstateApi\RealEstateApi.csproj", "{006270EB-BC61-47C3-9D68-1180A552FD6A}"
EndProject
Global
	GlobalSection(SolutionConfigurationPlatforms) = preSolution
		Debug|Any CPU = Debug|Any CPU
		Release|Any CPU = Release|Any CPU
	EndGlobalSection
	GlobalSection(ProjectConfigurationPlatforms) = postSolution
		{006270EB-BC61-47C3-9D68-1180A552FD6A}.Debug|Any CPU.ActiveCfg = Debug|Any CPU
		{006270EB-BC61-47C3-9D68-1180A552FD6A}.Debug|Any CPU.Build.0 = Debug|Any CPU
		{006270EB-BC61-47C3-9D68-1180A552FD6A}.Release|Any CPU.ActiveCfg = Release|Any CPU
		{006270EB-BC61-47C3-9D68-1180A552FD6A}.Release|Any CPU.Build.0 = Release|Any CPU
	EndGlobalSection
	GlobalSection(SolutionProperties) = preSolution
		HideSolutionNode = FALSE
	EndGlobalSection
	GlobalSection(ExtensibilityGlobals) = postSolution
		SolutionGuid = {680EB626-F4F3-4C86-B0D9-3CCFBCA207F7}
	EndGlobalSection
EndGlobal
