
Microsoft Visual Studio Solution File, Format Version 12.00
# Visual Studio Version 17
VisualStudioVersion = 17.4.32804.182
MinimumVisualStudioVersion = 10.0.40219.1
Project("{FAE04EC0-301F-11D3-BF4B-00C04F79EFBC}") = "SocialMedya", "SocialMedya\SocialMedya.csproj", "{03BEBFF5-97CB-4DF3-A6BA-9B05E877067B}"
EndProject
Global
	GlobalSection(SolutionConfigurationPlatforms) = preSolution
		Debug|Any CPU = Debug|Any CPU
		Release|Any CPU = Release|Any CPU
	EndGlobalSection
	GlobalSection(ProjectConfigurationPlatforms) = postSolution
		{03BEBFF5-97CB-4DF3-A6BA-9B05E877067B}.Debug|Any CPU.ActiveCfg = Debug|Any CPU
		{03BEBFF5-97CB-4DF3-A6BA-9B05E877067B}.Debug|Any CPU.Build.0 = Debug|Any CPU
		{03BEBFF5-97CB-4DF3-A6BA-9B05E877067B}.Release|Any CPU.ActiveCfg = Release|Any CPU
		{03BEBFF5-97CB-4DF3-A6BA-9B05E877067B}.Release|Any CPU.Build.0 = Release|Any CPU
	EndGlobalSection
	GlobalSection(SolutionProperties) = preSolution
		HideSolutionNode = FALSE
	EndGlobalSection
	GlobalSection(ExtensibilityGlobals) = postSolution
		SolutionGuid = {7208D697-C579-45DE-8A12-47ADB578E9FD}
	EndGlobalSection
EndGlobal
